
Microsoft Visual Studio Solution File, Format Version 12.00
# Visual Studio Version 17
VisualStudioVersion = 17.13.35828.75 d17.13
MinimumVisualStudioVersion = 10.0.40219.1
Project("{FAE04EC0-301F-11D3-BF4B-00C04F79EFBC}") = "HRM.API", "HRM.API\HRM.API.csproj", "{95D2189C-689A-42E9-BB9C-F56DE6C37F70}"
EndProject
Project("{FAE04EC0-301F-11D3-BF4B-00C04F79EFBC}") = "HRM.Application", "HRM.Application\HRM.Application.csproj", "{A43F36EC-527F-4F10-B78E-2618C49FF1E2}"
EndProject
Project("{FAE04EC0-301F-11D3-BF4B-00C04F79EFBC}") = "HRM.Domain", "HRM.Domain\HRM.Domain.csproj", "{E65E5C1D-0906-4D55-AC8E-97571A5AAAAA}"
EndProject
Project("{FAE04EC0-301F-11D3-BF4B-00C04F79EFBC}") = "HRM.Infrastructure", "HRM.Infrastructure\HRM.Infrastructure.csproj", "{BCA457EB-BF43-4D1A-B6E5-C9E3E7644B8F}"
EndProject
Global
	GlobalSection(SolutionConfigurationPlatforms) = preSolution
		Debug|Any CPU = Debug|Any CPU
		Release|Any CPU = Release|Any CPU
	EndGlobalSection
	GlobalSection(ProjectConfigurationPlatforms) = postSolution
		{95D2189C-689A-42E9-BB9C-F56DE6C37F70}.Debug|Any CPU.ActiveCfg = Debug|Any CPU
		{95D2189C-689A-42E9-BB9C-F56DE6C37F70}.Debug|Any CPU.Build.0 = Debug|Any CPU
		{95D2189C-689A-42E9-BB9C-F56DE6C37F70}.Release|Any CPU.ActiveCfg = Release|Any CPU
		{95D2189C-689A-42E9-BB9C-F56DE6C37F70}.Release|Any CPU.Build.0 = Release|Any CPU
		{A43F36EC-527F-4F10-B78E-2618C49FF1E2}.Debug|Any CPU.ActiveCfg = Debug|Any CPU
		{A43F36EC-527F-4F10-B78E-2618C49FF1E2}.Debug|Any CPU.Build.0 = Debug|Any CPU
		{A43F36EC-527F-4F10-B78E-2618C49FF1E2}.Release|Any CPU.ActiveCfg = Release|Any CPU
		{A43F36EC-527F-4F10-B78E-2618C49FF1E2}.Release|Any CPU.Build.0 = Release|Any CPU
		{E65E5C1D-0906-4D55-AC8E-97571A5AAAAA}.Debug|Any CPU.ActiveCfg = Debug|Any CPU
		{E65E5C1D-0906-4D55-AC8E-97571A5AAAAA}.Debug|Any CPU.Build.0 = Debug|Any CPU
		{E65E5C1D-0906-4D55-AC8E-97571A5AAAAA}.Release|Any CPU.ActiveCfg = Release|Any CPU
		{E65E5C1D-0906-4D55-AC8E-97571A5AAAAA}.Release|Any CPU.Build.0 = Release|Any CPU
		{BCA457EB-BF43-4D1A-B6E5-C9E3E7644B8F}.Debug|Any CPU.ActiveCfg = Debug|Any CPU
		{BCA457EB-BF43-4D1A-B6E5-C9E3E7644B8F}.Debug|Any CPU.Build.0 = Debug|Any CPU
		{BCA457EB-BF43-4D1A-B6E5-C9E3E7644B8F}.Release|Any CPU.ActiveCfg = Release|Any CPU
		{BCA457EB-BF43-4D1A-B6E5-C9E3E7644B8F}.Release|Any CPU.Build.0 = Release|Any CPU
	EndGlobalSection
	GlobalSection(SolutionProperties) = preSolution
		HideSolutionNode = FALSE
	EndGlobalSection
	GlobalSection(ExtensibilityGlobals) = postSolution
		SolutionGuid = {04D2F062-A536-4780-ACCA-3A11B278B67A}
	EndGlobalSection
EndGlobal
